
Microsoft Visual Studio Solution File, Format Version 12.00
# Visual Studio Version 17
VisualStudioVersion = 17.10.34916.146
MinimumVisualStudioVersion = 10.0.40219.1
Project("{FAE04EC0-301F-11D3-BF4B-00C04F79EFBC}") = "WPFSkelton", "WPFSkelton\WPFSkelton.csproj", "{C2407FF7-14E4-449F-8D4F-DA9A100B2619}"
EndProject
Global
	GlobalSection(SolutionConfigurationPlatforms) = preSolution
		Debug|Any CPU = Debug|Any CPU
		Release|Any CPU = Release|Any CPU
	EndGlobalSection
	GlobalSection(ProjectConfigurationPlatforms) = postSolution
		{C2407FF7-14E4-449F-8D4F-DA9A100B2619}.Debug|Any CPU.ActiveCfg = Debug|Any CPU
		{C2407FF7-14E4-449F-8D4F-DA9A100B2619}.Debug|Any CPU.Build.0 = Debug|Any CPU
		{C2407FF7-14E4-449F-8D4F-DA9A100B2619}.Release|Any CPU.ActiveCfg = Release|Any CPU
		{C2407FF7-14E4-449F-8D4F-DA9A100B2619}.Release|Any CPU.Build.0 = Release|Any CPU
	EndGlobalSection
	GlobalSection(SolutionProperties) = preSolution
		HideSolutionNode = FALSE
	EndGlobalSection
	GlobalSection(ExtensibilityGlobals) = postSolution
		SolutionGuid = {3A3580D0-DCBE-4863-898A-EBE0E80DE9DE}
	EndGlobalSection
EndGlobal
